
Microsoft Visual Studio Solution File, Format Version 12.00
# Visual Studio Version 17
VisualStudioVersion = 17.8.34330.188
MinimumVisualStudioVersion = 10.0.40219.1
Project("{FAE04EC0-301F-11D3-BF4B-00C04F79EFBC}") = "Линии", "Линии.csproj", "{84A80086-98BD-4E38-ACC4-3ACE61D6A298}"
EndProject
Global
	GlobalSection(SolutionConfigurationPlatforms) = preSolution
		Debug|Any CPU = Debug|Any CPU
		Release|Any CPU = Release|Any CPU
	EndGlobalSection
	GlobalSection(ProjectConfigurationPlatforms) = postSolution
		{84A80086-98BD-4E38-ACC4-3ACE61D6A298}.Debug|Any CPU.ActiveCfg = Debug|Any CPU
		{84A80086-98BD-4E38-ACC4-3ACE61D6A298}.Debug|Any CPU.Build.0 = Debug|Any CPU
		{84A80086-98BD-4E38-ACC4-3ACE61D6A298}.Release|Any CPU.ActiveCfg = Release|Any CPU
		{84A80086-98BD-4E38-ACC4-3ACE61D6A298}.Release|Any CPU.Build.0 = Release|Any CPU
	EndGlobalSection
	GlobalSection(SolutionProperties) = preSolution
		HideSolutionNode = FALSE
	EndGlobalSection
	GlobalSection(ExtensibilityGlobals) = postSolution
		SolutionGuid = {97172196-594C-4AA8-B1EC-779F1833F233}
	EndGlobalSection
EndGlobal
